
Microsoft Visual Studio Solution File, Format Version 12.00
# Visual Studio 15
VisualStudioVersion = 15.0.28307.329
MinimumVisualStudioVersion = 10.0.40219.1
Project("{FAE04EC0-301F-11D3-BF4B-00C04F79EFBC}") = "Schedule", "Schedule\Schedule.csproj", "{53564AC7-19A5-43B1-9202-E3E3DAB09235}"
EndProject
Global
	GlobalSection(SolutionConfigurationPlatforms) = preSolution
		Debug|Any CPU = Debug|Any CPU
		Release|Any CPU = Release|Any CPU
	EndGlobalSection
	GlobalSection(ProjectConfigurationPlatforms) = postSolution
		{53564AC7-19A5-43B1-9202-E3E3DAB09235}.Debug|Any CPU.ActiveCfg = Debug|Any CPU
		{53564AC7-19A5-43B1-9202-E3E3DAB09235}.Debug|Any CPU.Build.0 = Debug|Any CPU
		{53564AC7-19A5-43B1-9202-E3E3DAB09235}.Release|Any CPU.ActiveCfg = Release|Any CPU
		{53564AC7-19A5-43B1-9202-E3E3DAB09235}.Release|Any CPU.Build.0 = Release|Any CPU
	EndGlobalSection
	GlobalSection(SolutionProperties) = preSolution
		HideSolutionNode = FALSE
	EndGlobalSection
	GlobalSection(ExtensibilityGlobals) = postSolution
		SolutionGuid = {F29A57A7-DD99-46F8-8B82-34AB25BE2B77}
	EndGlobalSection
EndGlobal
